
Microsoft Visual Studio Solution File, Format Version 12.00
# Visual Studio Version 16
VisualStudioVersion = 16.0.28803.156
MinimumVisualStudioVersion = 10.0.40219.1
Project("{FAE04EC0-301F-11D3-BF4B-00C04F79EFBC}") = "CheatsGate - Discord Raider", "CheatsGate - Discord Raider\CheatsGate - Discord Raider.csproj", "{4DE06BF0-EA7F-4851-B82D-5B6D1B17223A}"
EndProject
Global
	GlobalSection(SolutionConfigurationPlatforms) = preSolution
		Debug|Any CPU = Debug|Any CPU
		Release|Any CPU = Release|Any CPU
	EndGlobalSection
	GlobalSection(ProjectConfigurationPlatforms) = postSolution
		{4DE06BF0-EA7F-4851-B82D-5B6D1B17223A}.Debug|Any CPU.ActiveCfg = Debug|Any CPU
		{4DE06BF0-EA7F-4851-B82D-5B6D1B17223A}.Debug|Any CPU.Build.0 = Debug|Any CPU
		{4DE06BF0-EA7F-4851-B82D-5B6D1B17223A}.Release|Any CPU.ActiveCfg = Release|Any CPU
		{4DE06BF0-EA7F-4851-B82D-5B6D1B17223A}.Release|Any CPU.Build.0 = Release|Any CPU
	EndGlobalSection
	GlobalSection(SolutionProperties) = preSolution
		HideSolutionNode = FALSE
	EndGlobalSection
	GlobalSection(ExtensibilityGlobals) = postSolution
		SolutionGuid = {95B5CACA-FAAF-4BDE-8104-BB8692F74A2D}
	EndGlobalSection
EndGlobal
